
Microsoft Visual Studio Solution File, Format Version 12.00
# Visual Studio Version 16
VisualStudioVersion = 16.0.31005.135
MinimumVisualStudioVersion = 10.0.40219.1
Project("{9A19103F-16F7-4668-BE54-9A1E7A4F7556}") = "WebAPI", "WebAPI\WebAPI.csproj", "{855C1397-AEA2-46F1-A32F-FC1A8963511A}"
EndProject
Project("{9A19103F-16F7-4668-BE54-9A1E7A4F7556}") = "Domain", "Domain\Domain.csproj", "{64568A15-5D78-4364-AA54-7BAC9A3DD7B6}"
EndProject
Project("{2150E333-8FDC-42A3-9474-1A3956D46DE8}") = "Solution Items", "Solution Items", "{3525D1F3-1864-4046-BF2B-80FC32BDA0C3}"
	ProjectSection(SolutionItems) = preProject
		mit-oersted-firebase-adminsdk-k0e9y-15772ec926.json = mit-oersted-firebase-adminsdk-k0e9y-15772ec926.json
		webapi.json = webapi.json
	EndProjectSection
EndProject
Global
	GlobalSection(SolutionConfigurationPlatforms) = preSolution
		Debug|Any CPU = Debug|Any CPU
		Release|Any CPU = Release|Any CPU
	EndGlobalSection
	GlobalSection(ProjectConfigurationPlatforms) = postSolution
		{855C1397-AEA2-46F1-A32F-FC1A8963511A}.Debug|Any CPU.ActiveCfg = Debug|Any CPU
		{855C1397-AEA2-46F1-A32F-FC1A8963511A}.Debug|Any CPU.Build.0 = Debug|Any CPU
		{855C1397-AEA2-46F1-A32F-FC1A8963511A}.Release|Any CPU.ActiveCfg = Release|Any CPU
		{855C1397-AEA2-46F1-A32F-FC1A8963511A}.Release|Any CPU.Build.0 = Release|Any CPU
		{64568A15-5D78-4364-AA54-7BAC9A3DD7B6}.Debug|Any CPU.ActiveCfg = Debug|Any CPU
		{64568A15-5D78-4364-AA54-7BAC9A3DD7B6}.Debug|Any CPU.Build.0 = Debug|Any CPU
		{64568A15-5D78-4364-AA54-7BAC9A3DD7B6}.Release|Any CPU.ActiveCfg = Release|Any CPU
		{64568A15-5D78-4364-AA54-7BAC9A3DD7B6}.Release|Any CPU.Build.0 = Release|Any CPU
	EndGlobalSection
	GlobalSection(SolutionProperties) = preSolution
		HideSolutionNode = FALSE
	EndGlobalSection
	GlobalSection(ExtensibilityGlobals) = postSolution
		SolutionGuid = {701D4726-6260-41FF-A759-211194FD2598}
	EndGlobalSection
EndGlobal
